
Microsoft Visual Studio Solution File, Format Version 12.00
# Visual Studio 2013
VisualStudioVersion = 12.0.31101.0
MinimumVisualStudioVersion = 10.0.40219.1
Project("{FAE04EC0-301F-11D3-BF4B-00C04F79EFBC}") = "BankService", "BankService\BankService.csproj", "{C87FEB82-6D7F-4BEB-A691-5B7AB23A11FF}"
EndProject
Project("{FAE04EC0-301F-11D3-BF4B-00C04F79EFBC}") = "BankEntities", "BankEntities\BankEntities.csproj", "{B9BA0531-B17C-47B2-A5BE-770846B9D424}"
EndProject
Project("{FAE04EC0-301F-11D3-BF4B-00C04F79EFBC}") = "BankDAL", "BankDAL\BankDAL.csproj", "{C9FB8B39-62CE-40F6-922F-46A4CCC9651C}"
EndProject
Global
	GlobalSection(SolutionConfigurationPlatforms) = preSolution
		Debug|Any CPU = Debug|Any CPU
		Release|Any CPU = Release|Any CPU
	EndGlobalSection
	GlobalSection(ProjectConfigurationPlatforms) = postSolution
		{C87FEB82-6D7F-4BEB-A691-5B7AB23A11FF}.Debug|Any CPU.ActiveCfg = Debug|Any CPU
		{C87FEB82-6D7F-4BEB-A691-5B7AB23A11FF}.Debug|Any CPU.Build.0 = Debug|Any CPU
		{C87FEB82-6D7F-4BEB-A691-5B7AB23A11FF}.Release|Any CPU.ActiveCfg = Release|Any CPU
		{C87FEB82-6D7F-4BEB-A691-5B7AB23A11FF}.Release|Any CPU.Build.0 = Release|Any CPU
		{B9BA0531-B17C-47B2-A5BE-770846B9D424}.Debug|Any CPU.ActiveCfg = Debug|Any CPU
		{B9BA0531-B17C-47B2-A5BE-770846B9D424}.Debug|Any CPU.Build.0 = Debug|Any CPU
		{B9BA0531-B17C-47B2-A5BE-770846B9D424}.Release|Any CPU.ActiveCfg = Release|Any CPU
		{B9BA0531-B17C-47B2-A5BE-770846B9D424}.Release|Any CPU.Build.0 = Release|Any CPU
		{C9FB8B39-62CE-40F6-922F-46A4CCC9651C}.Debug|Any CPU.ActiveCfg = Debug|Any CPU
		{C9FB8B39-62CE-40F6-922F-46A4CCC9651C}.Debug|Any CPU.Build.0 = Debug|Any CPU
		{C9FB8B39-62CE-40F6-922F-46A4CCC9651C}.Release|Any CPU.ActiveCfg = Release|Any CPU
		{C9FB8B39-62CE-40F6-922F-46A4CCC9651C}.Release|Any CPU.Build.0 = Release|Any CPU
	EndGlobalSection
	GlobalSection(SolutionProperties) = preSolution
		HideSolutionNode = FALSE
	EndGlobalSection
EndGlobal
